{
  "name": "daily-apps",
  "lockfileVersion": 2,
  "requires": true,
  "packages": {
    "": {
      "name": "daily-apps",
      "dependencies": {
        "postcss-rem-to-responsive-pixel": "^5.1.3"
      }
    },
    "node_modules/postcss-rem-to-responsive-pixel": {
      "version": "5.1.3",
      "resolved": "https://registry.npmjs.org/postcss-rem-to-responsive-pixel/-/postcss-rem-to-responsive-pixel-5.1.3.tgz",
      "integrity": "sha512-qi17MnTWzJ/3PnPrlspG5njMgmUomLXdgRc4AGqjfyMzn896V6tB4u5jW3xjtkxMM5IHB1z8LHnS81cLMpQ2Kg=="
    }
  },
  "dependencies": {
    "postcss-rem-to-responsive-pixel": {
      "version": "5.1.3",
      "resolved": "https://registry.npmjs.org/postcss-rem-to-responsive-pixel/-/postcss-rem-to-responsive-pixel-5.1.3.tgz",
      "integrity": "sha512-qi17MnTWzJ/3PnPrlspG5njMgmUomLXdgRc4AGqjfyMzn896V6tB4u5jW3xjtkxMM5IHB1z8LHnS81cLMpQ2Kg=="
    }
  }
}
