{
  "name": "daily-apps",
  "lockfileVersion": 2,
  "requires": true,
  "packages": {
    "": {
      "name": "daily-apps",
      "dependencies": {
        "postcss-rem-to-responsive-pixel": "^5.1.1"
      }
    },
    "node_modules/postcss-rem-to-responsive-pixel": {
      "version": "5.1.1",
      "resolved": "https://registry.npmjs.org/postcss-rem-to-responsive-pixel/-/postcss-rem-to-responsive-pixel-5.1.1.tgz",
      "integrity": "sha512-X9MKMWFS2PltiYOJ6IhnAOknCVynU++5KD4+YpgIMxAIjeZ513vKLoHpJkfsfvV4zwvgvGDayWKhaCMd41T73g=="
    }
  },
  "dependencies": {
    "postcss-rem-to-responsive-pixel": {
      "version": "5.1.1",
      "resolved": "https://registry.npmjs.org/postcss-rem-to-responsive-pixel/-/postcss-rem-to-responsive-pixel-5.1.1.tgz",
      "integrity": "sha512-X9MKMWFS2PltiYOJ6IhnAOknCVynU++5KD4+YpgIMxAIjeZ513vKLoHpJkfsfvV4zwvgvGDayWKhaCMd41T73g=="
    }
  }
}
