{
  "name": "daily-apps",
  "lockfileVersion": 3,
  "requires": true,
  "packages": {
    "": {
      "name": "daily-apps",
      "dependencies": {
        "postcss-rem-to-responsive-pixel": "^6.0.2"
      }
    },
    "node_modules/postcss-rem-to-responsive-pixel": {
      "version": "6.1.0",
      "resolved": "https://registry.npmjs.org/postcss-rem-to-responsive-pixel/-/postcss-rem-to-responsive-pixel-6.1.0.tgz",
      "integrity": "sha512-rttz/ThJWKpmhS134NcQCZQBE4CUJIAJAMx9DB0YudIeTH4fNp/hhhjxo14RnGF/OGdBpX9PQw1bnPZ56H0E1Q==",
      "license": "MIT",
      "engines": {
        "node": ">=16.6.0"
      }
    }
  }
}
