{
  "name": "@dailydotdev/eslint-plugin-daily-dev-eslint-rules",
  "version": "0.0.0",
  "lockfileVersion": 2,
  "requires": true,
  "packages": {
    "": {
      "name": "@dailydotdev/eslint-plugin-daily-dev-eslint-rules",
      "version": "0.0.0",
      "license": "ISC",
      "devDependencies": {}
    }
  }
}
